
Microsoft Visual Studio Solution File, Format Version 12.00
# Visual Studio Version 17
VisualStudioVersion = 17.2.32526.322
MinimumVisualStudioVersion = 10.0.40219.1
Project("{FAE04EC0-301F-11D3-BF4B-00C04F79EFBC}") = "Streamish", "Streamish\Streamish.csproj", "{9213E42D-3BBA-4768-9E20-B2F692119CE1}"
EndProject
Global
	GlobalSection(SolutionConfigurationPlatforms) = preSolution
		Debug|Any CPU = Debug|Any CPU
		Release|Any CPU = Release|Any CPU
	EndGlobalSection
	GlobalSection(ProjectConfigurationPlatforms) = postSolution
		{9213E42D-3BBA-4768-9E20-B2F692119CE1}.Debug|Any CPU.ActiveCfg = Debug|Any CPU
		{9213E42D-3BBA-4768-9E20-B2F692119CE1}.Debug|Any CPU.Build.0 = Debug|Any CPU
		{9213E42D-3BBA-4768-9E20-B2F692119CE1}.Release|Any CPU.ActiveCfg = Release|Any CPU
		{9213E42D-3BBA-4768-9E20-B2F692119CE1}.Release|Any CPU.Build.0 = Release|Any CPU
	EndGlobalSection
	GlobalSection(SolutionProperties) = preSolution
		HideSolutionNode = FALSE
	EndGlobalSection
	GlobalSection(ExtensibilityGlobals) = postSolution
		SolutionGuid = {CDDA25C6-A40A-4EFF-B669-1E7AA78290C9}
	EndGlobalSection
EndGlobal
